
Microsoft Visual Studio Solution File, Format Version 12.00
# Visual Studio 15
VisualStudioVersion = 15.0.26124.0
MinimumVisualStudioVersion = 15.0.26124.0
Project("{FAE04EC0-301F-11D3-BF4B-00C04F79EFBC}") = "R5T.Rivet.Organizational.Construction", "R5T.Rivet.Organizational.Construction\R5T.Rivet.Organizational.Construction.csproj", "{8AAC06EE-2CF8-4FBA-B015-3CA5F29192E6}"
EndProject
Project("{FAE04EC0-301F-11D3-BF4B-00C04F79EFBC}") = "R5T.Rivet.Organizational", "R5T.Rivet.Organizational\R5T.Rivet.Organizational.csproj", "{CA7338A7-3581-4A01-8E97-916D6E17EF33}"
EndProject
Project("{FAE04EC0-301F-11D3-BF4B-00C04F79EFBC}") = "R5T.Rivet.Organizational.Testing", "R5T.Rivet.Organizational.Testing\R5T.Rivet.Organizational.Testing.csproj", "{A5152AB5-450B-4E65-9833-486F75A708DF}"
EndProject
Global
	GlobalSection(SolutionConfigurationPlatforms) = preSolution
		Debug|Any CPU = Debug|Any CPU
		Debug|x64 = Debug|x64
		Debug|x86 = Debug|x86
		Release|Any CPU = Release|Any CPU
		Release|x64 = Release|x64
		Release|x86 = Release|x86
	EndGlobalSection
	GlobalSection(SolutionProperties) = preSolution
		HideSolutionNode = FALSE
	EndGlobalSection
	GlobalSection(ProjectConfigurationPlatforms) = postSolution
		{8AAC06EE-2CF8-4FBA-B015-3CA5F29192E6}.Debug|Any CPU.ActiveCfg = Debug|Any CPU
		{8AAC06EE-2CF8-4FBA-B015-3CA5F29192E6}.Debug|Any CPU.Build.0 = Debug|Any CPU
		{8AAC06EE-2CF8-4FBA-B015-3CA5F29192E6}.Debug|x64.ActiveCfg = Debug|Any CPU
		{8AAC06EE-2CF8-4FBA-B015-3CA5F29192E6}.Debug|x64.Build.0 = Debug|Any CPU
		{8AAC06EE-2CF8-4FBA-B015-3CA5F29192E6}.Debug|x86.ActiveCfg = Debug|Any CPU
		{8AAC06EE-2CF8-4FBA-B015-3CA5F29192E6}.Debug|x86.Build.0 = Debug|Any CPU
		{8AAC06EE-2CF8-4FBA-B015-3CA5F29192E6}.Release|Any CPU.ActiveCfg = Release|Any CPU
		{8AAC06EE-2CF8-4FBA-B015-3CA5F29192E6}.Release|Any CPU.Build.0 = Release|Any CPU
		{8AAC06EE-2CF8-4FBA-B015-3CA5F29192E6}.Release|x64.ActiveCfg = Release|Any CPU
		{8AAC06EE-2CF8-4FBA-B015-3CA5F29192E6}.Release|x64.Build.0 = Release|Any CPU
		{8AAC06EE-2CF8-4FBA-B015-3CA5F29192E6}.Release|x86.ActiveCfg = Release|Any CPU
		{8AAC06EE-2CF8-4FBA-B015-3CA5F29192E6}.Release|x86.Build.0 = Release|Any CPU
		{CA7338A7-3581-4A01-8E97-916D6E17EF33}.Debug|Any CPU.ActiveCfg = Debug|Any CPU
		{CA7338A7-3581-4A01-8E97-916D6E17EF33}.Debug|Any CPU.Build.0 = Debug|Any CPU
		{CA7338A7-3581-4A01-8E97-916D6E17EF33}.Debug|x64.ActiveCfg = Debug|Any CPU
		{CA7338A7-3581-4A01-8E97-916D6E17EF33}.Debug|x64.Build.0 = Debug|Any CPU
		{CA7338A7-3581-4A01-8E97-916D6E17EF33}.Debug|x86.ActiveCfg = Debug|Any CPU
		{CA7338A7-3581-4A01-8E97-916D6E17EF33}.Debug|x86.Build.0 = Debug|Any CPU
		{CA7338A7-3581-4A01-8E97-916D6E17EF33}.Release|Any CPU.ActiveCfg = Release|Any CPU
		{CA7338A7-3581-4A01-8E97-916D6E17EF33}.Release|Any CPU.Build.0 = Release|Any CPU
		{CA7338A7-3581-4A01-8E97-916D6E17EF33}.Release|x64.ActiveCfg = Release|Any CPU
		{CA7338A7-3581-4A01-8E97-916D6E17EF33}.Release|x64.Build.0 = Release|Any CPU
		{CA7338A7-3581-4A01-8E97-916D6E17EF33}.Release|x86.ActiveCfg = Release|Any CPU
		{CA7338A7-3581-4A01-8E97-916D6E17EF33}.Release|x86.Build.0 = Release|Any CPU
		{A5152AB5-450B-4E65-9833-486F75A708DF}.Debug|Any CPU.ActiveCfg = Debug|Any CPU
		{A5152AB5-450B-4E65-9833-486F75A708DF}.Debug|Any CPU.Build.0 = Debug|Any CPU
		{A5152AB5-450B-4E65-9833-486F75A708DF}.Debug|x64.ActiveCfg = Debug|Any CPU
		{A5152AB5-450B-4E65-9833-486F75A708DF}.Debug|x64.Build.0 = Debug|Any CPU
		{A5152AB5-450B-4E65-9833-486F75A708DF}.Debug|x86.ActiveCfg = Debug|Any CPU
		{A5152AB5-450B-4E65-9833-486F75A708DF}.Debug|x86.Build.0 = Debug|Any CPU
		{A5152AB5-450B-4E65-9833-486F75A708DF}.Release|Any CPU.ActiveCfg = Release|Any CPU
		{A5152AB5-450B-4E65-9833-486F75A708DF}.Release|Any CPU.Build.0 = Release|Any CPU
		{A5152AB5-450B-4E65-9833-486F75A708DF}.Release|x64.ActiveCfg = Release|Any CPU
		{A5152AB5-450B-4E65-9833-486F75A708DF}.Release|x64.Build.0 = Release|Any CPU
		{A5152AB5-450B-4E65-9833-486F75A708DF}.Release|x86.ActiveCfg = Release|Any CPU
		{A5152AB5-450B-4E65-9833-486F75A708DF}.Release|x86.Build.0 = Release|Any CPU
	EndGlobalSection
EndGlobal
